
Microsoft Visual Studio Solution File, Format Version 12.00
# Visual Studio 14
VisualStudioVersion = 14.0.25123.0
MinimumVisualStudioVersion = 10.0.40219.1
Project("{FAE04EC0-301F-11D3-BF4B-00C04F79EFBC}") = "TechReady", "TechReady\TechReady.csproj", "{1522A498-3C9C-428D-9649-69658E152C61}"
EndProject
Project("{FAE04EC0-301F-11D3-BF4B-00C04F79EFBC}") = "TechReady.Services", "TechReady.Services\TechReady.Services.csproj", "{DB9D8DF1-6216-4C33-9113-311D65C4F7A7}"
EndProject
Project("{FAE04EC0-301F-11D3-BF4B-00C04F79EFBC}") = "TechReady.API", "TechReady.API\TechReady.API.csproj", "{B0E217E7-1A10-4B31-AC5F-46694F94BA67}"
EndProject
Project("{2150E333-8FDC-42A3-9474-1A3956D46DE8}") = "WebJobs", "WebJobs", "{783557B0-360D-4394-B502-4D6647A37688}"
EndProject
Project("{FAE04EC0-301F-11D3-BF4B-00C04F79EFBC}") = "FetchLearningResources", "FetchLearningResources\FetchLearningResources.csproj", "{80C23808-7F65-4F75-B131-7D59844541FA}"
EndProject
Project("{2150E333-8FDC-42A3-9474-1A3956D46DE8}") = "Xamarin", "Xamarin", "{88F77DB1-25CB-4852-B989-71BA89EDEDC9}"
EndProject
Project("{FAE04EC0-301F-11D3-BF4B-00C04F79EFBC}") = "TechreadyForms", "TechreadyForms\TechreadyForms\TechreadyForms.csproj", "{BC77F7F9-B189-4DDD-9B98-7B0DF31C04B4}"
EndProject
Project("{FAE04EC0-301F-11D3-BF4B-00C04F79EFBC}") = "TechreadyForms.iOS", "TechreadyForms\TechreadyForms.iOS\TechreadyForms.iOS.csproj", "{849C2312-0E69-484B-B176-A721E52CBE73}"
EndProject
Project("{FAE04EC0-301F-11D3-BF4B-00C04F79EFBC}") = "TechreadyForms.Droid", "TechreadyForms\TechreadyForms.Droid\TechreadyForms.Droid.csproj", "{69EC0AAD-71EF-471F-8EDB-5D0C98D3BAE0}"
EndProject
Project("{FAE04EC0-301F-11D3-BF4B-00C04F79EFBC}") = "TechReady.Portal", "TechReady.Portal\TechReady.Portal.csproj", "{91B2DBAF-128E-4903-989C-52CD47EF8992}"
EndProject
Project("{FAE04EC0-301F-11D3-BF4B-00C04F79EFBC}") = "TechreadyForms.UWP", "TechreadyForms\TechreadyForms.UWP\TechreadyForms.UWP.csproj", "{02B3DAA2-F87F-4BB7-9059-E13925672EE4}"
EndProject
Global
	GlobalSection(SolutionConfigurationPlatforms) = preSolution
		Ad-Hoc|Any CPU = Ad-Hoc|Any CPU
		Ad-Hoc|ARM = Ad-Hoc|ARM
		Ad-Hoc|iPhone = Ad-Hoc|iPhone
		Ad-Hoc|iPhoneSimulator = Ad-Hoc|iPhoneSimulator
		Ad-Hoc|x64 = Ad-Hoc|x64
		Ad-Hoc|x86 = Ad-Hoc|x86
		AppStore|Any CPU = AppStore|Any CPU
		AppStore|ARM = AppStore|ARM
		AppStore|iPhone = AppStore|iPhone
		AppStore|iPhoneSimulator = AppStore|iPhoneSimulator
		AppStore|x64 = AppStore|x64
		AppStore|x86 = AppStore|x86
		Debug|Any CPU = Debug|Any CPU
		Debug|ARM = Debug|ARM
		Debug|iPhone = Debug|iPhone
		Debug|iPhoneSimulator = Debug|iPhoneSimulator
		Debug|x64 = Debug|x64
		Debug|x86 = Debug|x86
		Release|Any CPU = Release|Any CPU
		Release|ARM = Release|ARM
		Release|iPhone = Release|iPhone
		Release|iPhoneSimulator = Release|iPhoneSimulator
		Release|x64 = Release|x64
		Release|x86 = Release|x86
	EndGlobalSection
	GlobalSection(ProjectConfigurationPlatforms) = postSolution
		{1522A498-3C9C-428D-9649-69658E152C61}.Ad-Hoc|Any CPU.ActiveCfg = Release|Any CPU
		{1522A498-3C9C-428D-9649-69658E152C61}.Ad-Hoc|Any CPU.Build.0 = Release|Any CPU
		{1522A498-3C9C-428D-9649-69658E152C61}.Ad-Hoc|Any CPU.Deploy.0 = Release|Any CPU
		{1522A498-3C9C-428D-9649-69658E152C61}.Ad-Hoc|ARM.ActiveCfg = Release|ARM
		{1522A498-3C9C-428D-9649-69658E152C61}.Ad-Hoc|ARM.Build.0 = Release|ARM
		{1522A498-3C9C-428D-9649-69658E152C61}.Ad-Hoc|ARM.Deploy.0 = Release|ARM
		{1522A498-3C9C-428D-9649-69658E152C61}.Ad-Hoc|iPhone.ActiveCfg = Release|Any CPU
		{1522A498-3C9C-428D-9649-69658E152C61}.Ad-Hoc|iPhone.Build.0 = Release|Any CPU
		{1522A498-3C9C-428D-9649-69658E152C61}.Ad-Hoc|iPhone.Deploy.0 = Release|Any CPU
		{1522A498-3C9C-428D-9649-69658E152C61}.Ad-Hoc|iPhoneSimulator.ActiveCfg = Release|Any CPU
		{1522A498-3C9C-428D-9649-69658E152C61}.Ad-Hoc|iPhoneSimulator.Build.0 = Release|Any CPU
		{1522A498-3C9C-428D-9649-69658E152C61}.Ad-Hoc|iPhoneSimulator.Deploy.0 = Release|Any CPU
		{1522A498-3C9C-428D-9649-69658E152C61}.Ad-Hoc|x64.ActiveCfg = Debug|Any CPU
		{1522A498-3C9C-428D-9649-69658E152C61}.Ad-Hoc|x64.Build.0 = Debug|Any CPU
		{1522A498-3C9C-428D-9649-69658E152C61}.Ad-Hoc|x64.Deploy.0 = Debug|Any CPU
		{1522A498-3C9C-428D-9649-69658E152C61}.Ad-Hoc|x86.ActiveCfg = Release|x86
		{1522A498-3C9C-428D-9649-69658E152C61}.Ad-Hoc|x86.Build.0 = Release|x86
		{1522A498-3C9C-428D-9649-69658E152C61}.Ad-Hoc|x86.Deploy.0 = Release|x86
		{1522A498-3C9C-428D-9649-69658E152C61}.AppStore|Any CPU.ActiveCfg = Release|Any CPU
		{1522A498-3C9C-428D-9649-69658E152C61}.AppStore|Any CPU.Build.0 = Release|Any CPU
		{1522A498-3C9C-428D-9649-69658E152C61}.AppStore|Any CPU.Deploy.0 = Release|Any CPU
		{1522A498-3C9C-428D-9649-69658E152C61}.AppStore|ARM.ActiveCfg = Release|ARM
		{1522A498-3C9C-428D-9649-69658E152C61}.AppStore|ARM.Build.0 = Release|ARM
		{1522A498-3C9C-428D-9649-69658E152C61}.AppStore|ARM.Deploy.0 = Release|ARM
		{1522A498-3C9C-428D-9649-69658E152C61}.AppStore|iPhone.ActiveCfg = Release|Any CPU
		{1522A498-3C9C-428D-9649-69658E152C61}.AppStore|iPhone.Build.0 = Release|Any CPU
		{1522A498-3C9C-428D-9649-69658E152C61}.AppStore|iPhone.Deploy.0 = Release|Any CPU
		{1522A498-3C9C-428D-9649-69658E152C61}.AppStore|iPhoneSimulator.ActiveCfg = Release|Any CPU
		{1522A498-3C9C-428D-9649-69658E152C61}.AppStore|iPhoneSimulator.Build.0 = Release|Any CPU
		{1522A498-3C9C-428D-9649-69658E152C61}.AppStore|iPhoneSimulator.Deploy.0 = Release|Any CPU
		{1522A498-3C9C-428D-9649-69658E152C61}.AppStore|x64.ActiveCfg = Debug|Any CPU
		{1522A498-3C9C-428D-9649-69658E152C61}.AppStore|x64.Build.0 = Debug|Any CPU
		{1522A498-3C9C-428D-9649-69658E152C61}.AppStore|x64.Deploy.0 = Debug|Any CPU
		{1522A498-3C9C-428D-9649-69658E152C61}.AppStore|x86.ActiveCfg = Release|x86
		{1522A498-3C9C-428D-9649-69658E152C61}.AppStore|x86.Build.0 = Release|x86
		{1522A498-3C9C-428D-9649-69658E152C61}.AppStore|x86.Deploy.0 = Release|x86
		{1522A498-3C9C-428D-9649-69658E152C61}.Debug|Any CPU.ActiveCfg = Debug|Any CPU
		{1522A498-3C9C-428D-9649-69658E152C61}.Debug|Any CPU.Build.0 = Debug|Any CPU
		{1522A498-3C9C-428D-9649-69658E152C61}.Debug|Any CPU.Deploy.0 = Debug|Any CPU
		{1522A498-3C9C-428D-9649-69658E152C61}.Debug|ARM.ActiveCfg = Debug|ARM
		{1522A498-3C9C-428D-9649-69658E152C61}.Debug|ARM.Build.0 = Debug|ARM
		{1522A498-3C9C-428D-9649-69658E152C61}.Debug|ARM.Deploy.0 = Debug|ARM
		{1522A498-3C9C-428D-9649-69658E152C61}.Debug|iPhone.ActiveCfg = Debug|Any CPU
		{1522A498-3C9C-428D-9649-69658E152C61}.Debug|iPhone.Build.0 = Debug|Any CPU
		{1522A498-3C9C-428D-9649-69658E152C61}.Debug|iPhone.Deploy.0 = Debug|Any CPU
		{1522A498-3C9C-428D-9649-69658E152C61}.Debug|iPhoneSimulator.ActiveCfg = Debug|Any CPU
		{1522A498-3C9C-428D-9649-69658E152C61}.Debug|iPhoneSimulator.Build.0 = Debug|Any CPU
		{1522A498-3C9C-428D-9649-69658E152C61}.Debug|iPhoneSimulator.Deploy.0 = Debug|Any CPU
		{1522A498-3C9C-428D-9649-69658E152C61}.Debug|x64.ActiveCfg = Debug|Any CPU
		{1522A498-3C9C-428D-9649-69658E152C61}.Debug|x64.Build.0 = Debug|Any CPU
		{1522A498-3C9C-428D-9649-69658E152C61}.Debug|x64.Deploy.0 = Debug|Any CPU
		{1522A498-3C9C-428D-9649-69658E152C61}.Debug|x86.ActiveCfg = Debug|x86
		{1522A498-3C9C-428D-9649-69658E152C61}.Debug|x86.Build.0 = Debug|x86
		{1522A498-3C9C-428D-9649-69658E152C61}.Debug|x86.Deploy.0 = Debug|x86
		{1522A498-3C9C-428D-9649-69658E152C61}.Release|Any CPU.ActiveCfg = Release|Any CPU
		{1522A498-3C9C-428D-9649-69658E152C61}.Release|Any CPU.Build.0 = Release|Any CPU
		{1522A498-3C9C-428D-9649-69658E152C61}.Release|Any CPU.Deploy.0 = Release|Any CPU
		{1522A498-3C9C-428D-9649-69658E152C61}.Release|ARM.ActiveCfg = Release|ARM
		{1522A498-3C9C-428D-9649-69658E152C61}.Release|ARM.Build.0 = Release|ARM
		{1522A498-3C9C-428D-9649-69658E152C61}.Release|ARM.Deploy.0 = Release|ARM
		{1522A498-3C9C-428D-9649-69658E152C61}.Release|iPhone.ActiveCfg = Release|Any CPU
		{1522A498-3C9C-428D-9649-69658E152C61}.Release|iPhone.Build.0 = Release|Any CPU
		{1522A498-3C9C-428D-9649-69658E152C61}.Release|iPhone.Deploy.0 = Release|Any CPU
		{1522A498-3C9C-428D-9649-69658E152C61}.Release|iPhoneSimulator.ActiveCfg = Release|Any CPU
		{1522A498-3C9C-428D-9649-69658E152C61}.Release|iPhoneSimulator.Build.0 = Release|Any CPU
		{1522A498-3C9C-428D-9649-69658E152C61}.Release|iPhoneSimulator.Deploy.0 = Release|Any CPU
		{1522A498-3C9C-428D-9649-69658E152C61}.Release|x64.ActiveCfg = Release|Any CPU
		{1522A498-3C9C-428D-9649-69658E152C61}.Release|x64.Build.0 = Release|Any CPU
		{1522A498-3C9C-428D-9649-69658E152C61}.Release|x64.Deploy.0 = Release|Any CPU
		{1522A498-3C9C-428D-9649-69658E152C61}.Release|x86.ActiveCfg = Release|x86
		{1522A498-3C9C-428D-9649-69658E152C61}.Release|x86.Build.0 = Release|x86
		{1522A498-3C9C-428D-9649-69658E152C61}.Release|x86.Deploy.0 = Release|x86
		{DB9D8DF1-6216-4C33-9113-311D65C4F7A7}.Ad-Hoc|Any CPU.ActiveCfg = Release|Any CPU
		{DB9D8DF1-6216-4C33-9113-311D65C4F7A7}.Ad-Hoc|Any CPU.Build.0 = Release|Any CPU
		{DB9D8DF1-6216-4C33-9113-311D65C4F7A7}.Ad-Hoc|ARM.ActiveCfg = Release|Any CPU
		{DB9D8DF1-6216-4C33-9113-311D65C4F7A7}.Ad-Hoc|ARM.Build.0 = Release|Any CPU
		{DB9D8DF1-6216-4C33-9113-311D65C4F7A7}.Ad-Hoc|iPhone.ActiveCfg = Release|Any CPU
		{DB9D8DF1-6216-4C33-9113-311D65C4F7A7}.Ad-Hoc|iPhone.Build.0 = Release|Any CPU
		{DB9D8DF1-6216-4C33-9113-311D65C4F7A7}.Ad-Hoc|iPhoneSimulator.ActiveCfg = Release|Any CPU
		{DB9D8DF1-6216-4C33-9113-311D65C4F7A7}.Ad-Hoc|iPhoneSimulator.Build.0 = Release|Any CPU
		{DB9D8DF1-6216-4C33-9113-311D65C4F7A7}.Ad-Hoc|x64.ActiveCfg = Debug|Any CPU
		{DB9D8DF1-6216-4C33-9113-311D65C4F7A7}.Ad-Hoc|x64.Build.0 = Debug|Any CPU
		{DB9D8DF1-6216-4C33-9113-311D65C4F7A7}.Ad-Hoc|x86.ActiveCfg = Release|Any CPU
		{DB9D8DF1-6216-4C33-9113-311D65C4F7A7}.Ad-Hoc|x86.Build.0 = Release|Any CPU
		{DB9D8DF1-6216-4C33-9113-311D65C4F7A7}.AppStore|Any CPU.ActiveCfg = Release|Any CPU
		{DB9D8DF1-6216-4C33-9113-311D65C4F7A7}.AppStore|Any CPU.Build.0 = Release|Any CPU
		{DB9D8DF1-6216-4C33-9113-311D65C4F7A7}.AppStore|ARM.ActiveCfg = Release|Any CPU
		{DB9D8DF1-6216-4C33-9113-311D65C4F7A7}.AppStore|ARM.Build.0 = Release|Any CPU
		{DB9D8DF1-6216-4C33-9113-311D65C4F7A7}.AppStore|iPhone.ActiveCfg = Release|Any CPU
		{DB9D8DF1-6216-4C33-9113-311D65C4F7A7}.AppStore|iPhone.Build.0 = Release|Any CPU
		{DB9D8DF1-6216-4C33-9113-311D65C4F7A7}.AppStore|iPhoneSimulator.ActiveCfg = Release|Any CPU
		{DB9D8DF1-6216-4C33-9113-311D65C4F7A7}.AppStore|iPhoneSimulator.Build.0 = Release|Any CPU
		{DB9D8DF1-6216-4C33-9113-311D65C4F7A7}.AppStore|x64.ActiveCfg = Debug|Any CPU
		{DB9D8DF1-6216-4C33-9113-311D65C4F7A7}.AppStore|x64.Build.0 = Debug|Any CPU
		{DB9D8DF1-6216-4C33-9113-311D65C4F7A7}.AppStore|x86.ActiveCfg = Release|Any CPU
		{DB9D8DF1-6216-4C33-9113-311D65C4F7A7}.AppStore|x86.Build.0 = Release|Any CPU
		{DB9D8DF1-6216-4C33-9113-311D65C4F7A7}.Debug|Any CPU.ActiveCfg = Debug|Any CPU
		{DB9D8DF1-6216-4C33-9113-311D65C4F7A7}.Debug|Any CPU.Build.0 = Debug|Any CPU
		{DB9D8DF1-6216-4C33-9113-311D65C4F7A7}.Debug|ARM.ActiveCfg = Debug|Any CPU
		{DB9D8DF1-6216-4C33-9113-311D65C4F7A7}.Debug|ARM.Build.0 = Debug|Any CPU
		{DB9D8DF1-6216-4C33-9113-311D65C4F7A7}.Debug|iPhone.ActiveCfg = Debug|Any CPU
		{DB9D8DF1-6216-4C33-9113-311D65C4F7A7}.Debug|iPhone.Build.0 = Debug|Any CPU
		{DB9D8DF1-6216-4C33-9113-311D65C4F7A7}.Debug|iPhoneSimulator.ActiveCfg = Debug|Any CPU
		{DB9D8DF1-6216-4C33-9113-311D65C4F7A7}.Debug|iPhoneSimulator.Build.0 = Debug|Any CPU
		{DB9D8DF1-6216-4C33-9113-311D65C4F7A7}.Debug|x64.ActiveCfg = Debug|Any CPU
		{DB9D8DF1-6216-4C33-9113-311D65C4F7A7}.Debug|x64.Build.0 = Debug|Any CPU
		{DB9D8DF1-6216-4C33-9113-311D65C4F7A7}.Debug|x86.ActiveCfg = Debug|Any CPU
		{DB9D8DF1-6216-4C33-9113-311D65C4F7A7}.Debug|x86.Build.0 = Debug|Any CPU
		{DB9D8DF1-6216-4C33-9113-311D65C4F7A7}.Release|Any CPU.ActiveCfg = Release|Any CPU
		{DB9D8DF1-6216-4C33-9113-311D65C4F7A7}.Release|Any CPU.Build.0 = Release|Any CPU
		{DB9D8DF1-6216-4C33-9113-311D65C4F7A7}.Release|ARM.ActiveCfg = Release|Any CPU
		{DB9D8DF1-6216-4C33-9113-311D65C4F7A7}.Release|ARM.Build.0 = Release|Any CPU
		{DB9D8DF1-6216-4C33-9113-311D65C4F7A7}.Release|iPhone.ActiveCfg = Release|Any CPU
		{DB9D8DF1-6216-4C33-9113-311D65C4F7A7}.Release|iPhone.Build.0 = Release|Any CPU
		{DB9D8DF1-6216-4C33-9113-311D65C4F7A7}.Release|iPhoneSimulator.ActiveCfg = Release|Any CPU
		{DB9D8DF1-6216-4C33-9113-311D65C4F7A7}.Release|iPhoneSimulator.Build.0 = Release|Any CPU
		{DB9D8DF1-6216-4C33-9113-311D65C4F7A7}.Release|x64.ActiveCfg = Release|Any CPU
		{DB9D8DF1-6216-4C33-9113-311D65C4F7A7}.Release|x64.Build.0 = Release|Any CPU
		{DB9D8DF1-6216-4C33-9113-311D65C4F7A7}.Release|x86.ActiveCfg = Release|Any CPU
		{DB9D8DF1-6216-4C33-9113-311D65C4F7A7}.Release|x86.Build.0 = Release|Any CPU
		{B0E217E7-1A10-4B31-AC5F-46694F94BA67}.Ad-Hoc|Any CPU.ActiveCfg = Release|Any CPU
		{B0E217E7-1A10-4B31-AC5F-46694F94BA67}.Ad-Hoc|Any CPU.Build.0 = Release|Any CPU
		{B0E217E7-1A10-4B31-AC5F-46694F94BA67}.Ad-Hoc|ARM.ActiveCfg = Release|Any CPU
		{B0E217E7-1A10-4B31-AC5F-46694F94BA67}.Ad-Hoc|ARM.Build.0 = Release|Any CPU
		{B0E217E7-1A10-4B31-AC5F-46694F94BA67}.Ad-Hoc|iPhone.ActiveCfg = Release|Any CPU
		{B0E217E7-1A10-4B31-AC5F-46694F94BA67}.Ad-Hoc|iPhone.Build.0 = Release|Any CPU
		{B0E217E7-1A10-4B31-AC5F-46694F94BA67}.Ad-Hoc|iPhoneSimulator.ActiveCfg = Release|Any CPU
		{B0E217E7-1A10-4B31-AC5F-46694F94BA67}.Ad-Hoc|iPhoneSimulator.Build.0 = Release|Any CPU
		{B0E217E7-1A10-4B31-AC5F-46694F94BA67}.Ad-Hoc|x64.ActiveCfg = Debug|Any CPU
		{B0E217E7-1A10-4B31-AC5F-46694F94BA67}.Ad-Hoc|x64.Build.0 = Debug|Any CPU
		{B0E217E7-1A10-4B31-AC5F-46694F94BA67}.Ad-Hoc|x86.ActiveCfg = Release|Any CPU
		{B0E217E7-1A10-4B31-AC5F-46694F94BA67}.Ad-Hoc|x86.Build.0 = Release|Any CPU
		{B0E217E7-1A10-4B31-AC5F-46694F94BA67}.AppStore|Any CPU.ActiveCfg = Release|Any CPU
		{B0E217E7-1A10-4B31-AC5F-46694F94BA67}.AppStore|Any CPU.Build.0 = Release|Any CPU
		{B0E217E7-1A10-4B31-AC5F-46694F94BA67}.AppStore|ARM.ActiveCfg = Release|Any CPU
		{B0E217E7-1A10-4B31-AC5F-46694F94BA67}.AppStore|ARM.Build.0 = Release|Any CPU
		{B0E217E7-1A10-4B31-AC5F-46694F94BA67}.AppStore|iPhone.ActiveCfg = Release|Any CPU
		{B0E217E7-1A10-4B31-AC5F-46694F94BA67}.AppStore|iPhone.Build.0 = Release|Any CPU
		{B0E217E7-1A10-4B31-AC5F-46694F94BA67}.AppStore|iPhoneSimulator.ActiveCfg = Release|Any CPU
		{B0E217E7-1A10-4B31-AC5F-46694F94BA67}.AppStore|iPhoneSimulator.Build.0 = Release|Any CPU
		{B0E217E7-1A10-4B31-AC5F-46694F94BA67}.AppStore|x64.ActiveCfg = Debug|Any CPU
		{B0E217E7-1A10-4B31-AC5F-46694F94BA67}.AppStore|x64.Build.0 = Debug|Any CPU
		{B0E217E7-1A10-4B31-AC5F-46694F94BA67}.AppStore|x86.ActiveCfg = Release|Any CPU
		{B0E217E7-1A10-4B31-AC5F-46694F94BA67}.AppStore|x86.Build.0 = Release|Any CPU
		{B0E217E7-1A10-4B31-AC5F-46694F94BA67}.Debug|Any CPU.ActiveCfg = Debug|Any CPU
		{B0E217E7-1A10-4B31-AC5F-46694F94BA67}.Debug|Any CPU.Build.0 = Debug|Any CPU
		{B0E217E7-1A10-4B31-AC5F-46694F94BA67}.Debug|ARM.ActiveCfg = Debug|Any CPU
		{B0E217E7-1A10-4B31-AC5F-46694F94BA67}.Debug|ARM.Build.0 = Debug|Any CPU
		{B0E217E7-1A10-4B31-AC5F-46694F94BA67}.Debug|iPhone.ActiveCfg = Debug|Any CPU
		{B0E217E7-1A10-4B31-AC5F-46694F94BA67}.Debug|iPhone.Build.0 = Debug|Any CPU
		{B0E217E7-1A10-4B31-AC5F-46694F94BA67}.Debug|iPhoneSimulator.ActiveCfg = Debug|Any CPU
		{B0E217E7-1A10-4B31-AC5F-46694F94BA67}.Debug|iPhoneSimulator.Build.0 = Debug|Any CPU
		{B0E217E7-1A10-4B31-AC5F-46694F94BA67}.Debug|x64.ActiveCfg = Debug|Any CPU
		{B0E217E7-1A10-4B31-AC5F-46694F94BA67}.Debug|x64.Build.0 = Debug|Any CPU
		{B0E217E7-1A10-4B31-AC5F-46694F94BA67}.Debug|x86.ActiveCfg = Debug|Any CPU
		{B0E217E7-1A10-4B31-AC5F-46694F94BA67}.Debug|x86.Build.0 = Debug|Any CPU
		{B0E217E7-1A10-4B31-AC5F-46694F94BA67}.Release|Any CPU.ActiveCfg = Release|Any CPU
		{B0E217E7-1A10-4B31-AC5F-46694F94BA67}.Release|Any CPU.Build.0 = Release|Any CPU
		{B0E217E7-1A10-4B31-AC5F-46694F94BA67}.Release|ARM.ActiveCfg = Release|Any CPU
		{B0E217E7-1A10-4B31-AC5F-46694F94BA67}.Release|ARM.Build.0 = Release|Any CPU
		{B0E217E7-1A10-4B31-AC5F-46694F94BA67}.Release|iPhone.ActiveCfg = Release|Any CPU
		{B0E217E7-1A10-4B31-AC5F-46694F94BA67}.Release|iPhone.Build.0 = Release|Any CPU
		{B0E217E7-1A10-4B31-AC5F-46694F94BA67}.Release|iPhoneSimulator.ActiveCfg = Release|Any CPU
		{B0E217E7-1A10-4B31-AC5F-46694F94BA67}.Release|iPhoneSimulator.Build.0 = Release|Any CPU
		{B0E217E7-1A10-4B31-AC5F-46694F94BA67}.Release|x64.ActiveCfg = Release|Any CPU
		{B0E217E7-1A10-4B31-AC5F-46694F94BA67}.Release|x64.Build.0 = Release|Any CPU
		{B0E217E7-1A10-4B31-AC5F-46694F94BA67}.Release|x86.ActiveCfg = Release|Any CPU
		{B0E217E7-1A10-4B31-AC5F-46694F94BA67}.Release|x86.Build.0 = Release|Any CPU
		{80C23808-7F65-4F75-B131-7D59844541FA}.Ad-Hoc|Any CPU.ActiveCfg = Release|Any CPU
		{80C23808-7F65-4F75-B131-7D59844541FA}.Ad-Hoc|Any CPU.Build.0 = Release|Any CPU
		{80C23808-7F65-4F75-B131-7D59844541FA}.Ad-Hoc|ARM.ActiveCfg = Release|Any CPU
		{80C23808-7F65-4F75-B131-7D59844541FA}.Ad-Hoc|ARM.Build.0 = Release|Any CPU
		{80C23808-7F65-4F75-B131-7D59844541FA}.Ad-Hoc|iPhone.ActiveCfg = Release|Any CPU
		{80C23808-7F65-4F75-B131-7D59844541FA}.Ad-Hoc|iPhone.Build.0 = Release|Any CPU
		{80C23808-7F65-4F75-B131-7D59844541FA}.Ad-Hoc|iPhoneSimulator.ActiveCfg = Release|Any CPU
		{80C23808-7F65-4F75-B131-7D59844541FA}.Ad-Hoc|iPhoneSimulator.Build.0 = Release|Any CPU
		{80C23808-7F65-4F75-B131-7D59844541FA}.Ad-Hoc|x64.ActiveCfg = Debug|Any CPU
		{80C23808-7F65-4F75-B131-7D59844541FA}.Ad-Hoc|x64.Build.0 = Debug|Any CPU
		{80C23808-7F65-4F75-B131-7D59844541FA}.Ad-Hoc|x86.ActiveCfg = Release|Any CPU
		{80C23808-7F65-4F75-B131-7D59844541FA}.Ad-Hoc|x86.Build.0 = Release|Any CPU
		{80C23808-7F65-4F75-B131-7D59844541FA}.AppStore|Any CPU.ActiveCfg = Release|Any CPU
		{80C23808-7F65-4F75-B131-7D59844541FA}.AppStore|Any CPU.Build.0 = Release|Any CPU
		{80C23808-7F65-4F75-B131-7D59844541FA}.AppStore|ARM.ActiveCfg = Release|Any CPU
		{80C23808-7F65-4F75-B131-7D59844541FA}.AppStore|ARM.Build.0 = Release|Any CPU
		{80C23808-7F65-4F75-B131-7D59844541FA}.AppStore|iPhone.ActiveCfg = Release|Any CPU
		{80C23808-7F65-4F75-B131-7D59844541FA}.AppStore|iPhone.Build.0 = Release|Any CPU
		{80C23808-7F65-4F75-B131-7D59844541FA}.AppStore|iPhoneSimulator.ActiveCfg = Release|Any CPU
		{80C23808-7F65-4F75-B131-7D59844541FA}.AppStore|iPhoneSimulator.Build.0 = Release|Any CPU
		{80C23808-7F65-4F75-B131-7D59844541FA}.AppStore|x64.ActiveCfg = Debug|Any CPU
		{80C23808-7F65-4F75-B131-7D59844541FA}.AppStore|x64.Build.0 = Debug|Any CPU
		{80C23808-7F65-4F75-B131-7D59844541FA}.AppStore|x86.ActiveCfg = Release|Any CPU
		{80C23808-7F65-4F75-B131-7D59844541FA}.AppStore|x86.Build.0 = Release|Any CPU
		{80C23808-7F65-4F75-B131-7D59844541FA}.Debug|Any CPU.ActiveCfg = Debug|Any CPU
		{80C23808-7F65-4F75-B131-7D59844541FA}.Debug|Any CPU.Build.0 = Debug|Any CPU
		{80C23808-7F65-4F75-B131-7D59844541FA}.Debug|ARM.ActiveCfg = Debug|Any CPU
		{80C23808-7F65-4F75-B131-7D59844541FA}.Debug|ARM.Build.0 = Debug|Any CPU
		{80C23808-7F65-4F75-B131-7D59844541FA}.Debug|iPhone.ActiveCfg = Debug|Any CPU
		{80C23808-7F65-4F75-B131-7D59844541FA}.Debug|iPhone.Build.0 = Debug|Any CPU
		{80C23808-7F65-4F75-B131-7D59844541FA}.Debug|iPhoneSimulator.ActiveCfg = Debug|Any CPU
		{80C23808-7F65-4F75-B131-7D59844541FA}.Debug|iPhoneSimulator.Build.0 = Debug|Any CPU
		{80C23808-7F65-4F75-B131-7D59844541FA}.Debug|x64.ActiveCfg = Debug|Any CPU
		{80C23808-7F65-4F75-B131-7D59844541FA}.Debug|x64.Build.0 = Debug|Any CPU
		{80C23808-7F65-4F75-B131-7D59844541FA}.Debug|x86.ActiveCfg = Debug|Any CPU
		{80C23808-7F65-4F75-B131-7D59844541FA}.Debug|x86.Build.0 = Debug|Any CPU
		{80C23808-7F65-4F75-B131-7D59844541FA}.Release|Any CPU.ActiveCfg = Release|Any CPU
		{80C23808-7F65-4F75-B131-7D59844541FA}.Release|Any CPU.Build.0 = Release|Any CPU
		{80C23808-7F65-4F75-B131-7D59844541FA}.Release|ARM.ActiveCfg = Release|Any CPU
		{80C23808-7F65-4F75-B131-7D59844541FA}.Release|ARM.Build.0 = Release|Any CPU
		{80C23808-7F65-4F75-B131-7D59844541FA}.Release|iPhone.ActiveCfg = Release|Any CPU
		{80C23808-7F65-4F75-B131-7D59844541FA}.Release|iPhone.Build.0 = Release|Any CPU
		{80C23808-7F65-4F75-B131-7D59844541FA}.Release|iPhoneSimulator.ActiveCfg = Release|Any CPU
		{80C23808-7F65-4F75-B131-7D59844541FA}.Release|iPhoneSimulator.Build.0 = Release|Any CPU
		{80C23808-7F65-4F75-B131-7D59844541FA}.Release|x64.ActiveCfg = Release|Any CPU
		{80C23808-7F65-4F75-B131-7D59844541FA}.Release|x64.Build.0 = Release|Any CPU
		{80C23808-7F65-4F75-B131-7D59844541FA}.Release|x86.ActiveCfg = Release|Any CPU
		{80C23808-7F65-4F75-B131-7D59844541FA}.Release|x86.Build.0 = Release|Any CPU
		{BC77F7F9-B189-4DDD-9B98-7B0DF31C04B4}.Ad-Hoc|Any CPU.ActiveCfg = Release|Any CPU
		{BC77F7F9-B189-4DDD-9B98-7B0DF31C04B4}.Ad-Hoc|Any CPU.Build.0 = Release|Any CPU
		{BC77F7F9-B189-4DDD-9B98-7B0DF31C04B4}.Ad-Hoc|ARM.ActiveCfg = Release|Any CPU
		{BC77F7F9-B189-4DDD-9B98-7B0DF31C04B4}.Ad-Hoc|ARM.Build.0 = Release|Any CPU
		{BC77F7F9-B189-4DDD-9B98-7B0DF31C04B4}.Ad-Hoc|iPhone.ActiveCfg = Release|Any CPU
		{BC77F7F9-B189-4DDD-9B98-7B0DF31C04B4}.Ad-Hoc|iPhone.Build.0 = Release|Any CPU
		{BC77F7F9-B189-4DDD-9B98-7B0DF31C04B4}.Ad-Hoc|iPhoneSimulator.ActiveCfg = Release|Any CPU
		{BC77F7F9-B189-4DDD-9B98-7B0DF31C04B4}.Ad-Hoc|iPhoneSimulator.Build.0 = Release|Any CPU
		{BC77F7F9-B189-4DDD-9B98-7B0DF31C04B4}.Ad-Hoc|x64.ActiveCfg = Debug|Any CPU
		{BC77F7F9-B189-4DDD-9B98-7B0DF31C04B4}.Ad-Hoc|x64.Build.0 = Debug|Any CPU
		{BC77F7F9-B189-4DDD-9B98-7B0DF31C04B4}.Ad-Hoc|x86.ActiveCfg = Release|Any CPU
		{BC77F7F9-B189-4DDD-9B98-7B0DF31C04B4}.Ad-Hoc|x86.Build.0 = Release|Any CPU
		{BC77F7F9-B189-4DDD-9B98-7B0DF31C04B4}.AppStore|Any CPU.ActiveCfg = Release|Any CPU
		{BC77F7F9-B189-4DDD-9B98-7B0DF31C04B4}.AppStore|Any CPU.Build.0 = Release|Any CPU
		{BC77F7F9-B189-4DDD-9B98-7B0DF31C04B4}.AppStore|ARM.ActiveCfg = Release|Any CPU
		{BC77F7F9-B189-4DDD-9B98-7B0DF31C04B4}.AppStore|ARM.Build.0 = Release|Any CPU
		{BC77F7F9-B189-4DDD-9B98-7B0DF31C04B4}.AppStore|iPhone.ActiveCfg = Release|Any CPU
		{BC77F7F9-B189-4DDD-9B98-7B0DF31C04B4}.AppStore|iPhone.Build.0 = Release|Any CPU
		{BC77F7F9-B189-4DDD-9B98-7B0DF31C04B4}.AppStore|iPhoneSimulator.ActiveCfg = Release|Any CPU
		{BC77F7F9-B189-4DDD-9B98-7B0DF31C04B4}.AppStore|iPhoneSimulator.Build.0 = Release|Any CPU
		{BC77F7F9-B189-4DDD-9B98-7B0DF31C04B4}.AppStore|x64.ActiveCfg = Debug|Any CPU
		{BC77F7F9-B189-4DDD-9B98-7B0DF31C04B4}.AppStore|x64.Build.0 = Debug|Any CPU
		{BC77F7F9-B189-4DDD-9B98-7B0DF31C04B4}.AppStore|x86.ActiveCfg = Release|Any CPU
		{BC77F7F9-B189-4DDD-9B98-7B0DF31C04B4}.AppStore|x86.Build.0 = Release|Any CPU
		{BC77F7F9-B189-4DDD-9B98-7B0DF31C04B4}.Debug|Any CPU.ActiveCfg = Debug|Any CPU
		{BC77F7F9-B189-4DDD-9B98-7B0DF31C04B4}.Debug|Any CPU.Build.0 = Debug|Any CPU
		{BC77F7F9-B189-4DDD-9B98-7B0DF31C04B4}.Debug|ARM.ActiveCfg = Debug|Any CPU
		{BC77F7F9-B189-4DDD-9B98-7B0DF31C04B4}.Debug|ARM.Build.0 = Debug|Any CPU
		{BC77F7F9-B189-4DDD-9B98-7B0DF31C04B4}.Debug|iPhone.ActiveCfg = Debug|Any CPU
		{BC77F7F9-B189-4DDD-9B98-7B0DF31C04B4}.Debug|iPhone.Build.0 = Debug|Any CPU
		{BC77F7F9-B189-4DDD-9B98-7B0DF31C04B4}.Debug|iPhoneSimulator.ActiveCfg = Debug|Any CPU
		{BC77F7F9-B189-4DDD-9B98-7B0DF31C04B4}.Debug|iPhoneSimulator.Build.0 = Debug|Any CPU
		{BC77F7F9-B189-4DDD-9B98-7B0DF31C04B4}.Debug|x64.ActiveCfg = Debug|Any CPU
		{BC77F7F9-B189-4DDD-9B98-7B0DF31C04B4}.Debug|x64.Build.0 = Debug|Any CPU
		{BC77F7F9-B189-4DDD-9B98-7B0DF31C04B4}.Debug|x86.ActiveCfg = Debug|Any CPU
		{BC77F7F9-B189-4DDD-9B98-7B0DF31C04B4}.Debug|x86.Build.0 = Debug|Any CPU
		{BC77F7F9-B189-4DDD-9B98-7B0DF31C04B4}.Release|Any CPU.ActiveCfg = Release|Any CPU
		{BC77F7F9-B189-4DDD-9B98-7B0DF31C04B4}.Release|Any CPU.Build.0 = Release|Any CPU
		{BC77F7F9-B189-4DDD-9B98-7B0DF31C04B4}.Release|ARM.ActiveCfg = Release|Any CPU
		{BC77F7F9-B189-4DDD-9B98-7B0DF31C04B4}.Release|ARM.Build.0 = Release|Any CPU
		{BC77F7F9-B189-4DDD-9B98-7B0DF31C04B4}.Release|iPhone.ActiveCfg = Release|Any CPU
		{BC77F7F9-B189-4DDD-9B98-7B0DF31C04B4}.Release|iPhone.Build.0 = Release|Any CPU
		{BC77F7F9-B189-4DDD-9B98-7B0DF31C04B4}.Release|iPhoneSimulator.ActiveCfg = Release|Any CPU
		{BC77F7F9-B189-4DDD-9B98-7B0DF31C04B4}.Release|iPhoneSimulator.Build.0 = Release|Any CPU
		{BC77F7F9-B189-4DDD-9B98-7B0DF31C04B4}.Release|x64.ActiveCfg = Release|Any CPU
		{BC77F7F9-B189-4DDD-9B98-7B0DF31C04B4}.Release|x64.Build.0 = Release|Any CPU
		{BC77F7F9-B189-4DDD-9B98-7B0DF31C04B4}.Release|x86.ActiveCfg = Release|Any CPU
		{BC77F7F9-B189-4DDD-9B98-7B0DF31C04B4}.Release|x86.Build.0 = Release|Any CPU
		{849C2312-0E69-484B-B176-A721E52CBE73}.Ad-Hoc|Any CPU.ActiveCfg = Ad-Hoc|iPhone
		{849C2312-0E69-484B-B176-A721E52CBE73}.Ad-Hoc|ARM.ActiveCfg = Ad-Hoc|iPhone
		{849C2312-0E69-484B-B176-A721E52CBE73}.Ad-Hoc|iPhone.ActiveCfg = Ad-Hoc|iPhone
		{849C2312-0E69-484B-B176-A721E52CBE73}.Ad-Hoc|iPhone.Build.0 = Ad-Hoc|iPhone
		{849C2312-0E69-484B-B176-A721E52CBE73}.Ad-Hoc|iPhoneSimulator.ActiveCfg = Ad-Hoc|iPhoneSimulator
		{849C2312-0E69-484B-B176-A721E52CBE73}.Ad-Hoc|iPhoneSimulator.Build.0 = Ad-Hoc|iPhoneSimulator
		{849C2312-0E69-484B-B176-A721E52CBE73}.Ad-Hoc|x64.ActiveCfg = Ad-Hoc|iPhoneSimulator
		{849C2312-0E69-484B-B176-A721E52CBE73}.Ad-Hoc|x86.ActiveCfg = Ad-Hoc|iPhone
		{849C2312-0E69-484B-B176-A721E52CBE73}.AppStore|Any CPU.ActiveCfg = AppStore|iPhone
		{849C2312-0E69-484B-B176-A721E52CBE73}.AppStore|ARM.ActiveCfg = AppStore|iPhone
		{849C2312-0E69-484B-B176-A721E52CBE73}.AppStore|iPhone.ActiveCfg = AppStore|iPhone
		{849C2312-0E69-484B-B176-A721E52CBE73}.AppStore|iPhone.Build.0 = AppStore|iPhone
		{849C2312-0E69-484B-B176-A721E52CBE73}.AppStore|iPhoneSimulator.ActiveCfg = AppStore|iPhoneSimulator
		{849C2312-0E69-484B-B176-A721E52CBE73}.AppStore|iPhoneSimulator.Build.0 = AppStore|iPhoneSimulator
		{849C2312-0E69-484B-B176-A721E52CBE73}.AppStore|x64.ActiveCfg = AppStore|iPhoneSimulator
		{849C2312-0E69-484B-B176-A721E52CBE73}.AppStore|x86.ActiveCfg = AppStore|iPhone
		{849C2312-0E69-484B-B176-A721E52CBE73}.Debug|Any CPU.ActiveCfg = Debug|iPhone
		{849C2312-0E69-484B-B176-A721E52CBE73}.Debug|ARM.ActiveCfg = Debug|iPhone
		{849C2312-0E69-484B-B176-A721E52CBE73}.Debug|iPhone.ActiveCfg = Debug|iPhone
		{849C2312-0E69-484B-B176-A721E52CBE73}.Debug|iPhone.Build.0 = Debug|iPhone
		{849C2312-0E69-484B-B176-A721E52CBE73}.Debug|iPhoneSimulator.ActiveCfg = Debug|iPhoneSimulator
		{849C2312-0E69-484B-B176-A721E52CBE73}.Debug|iPhoneSimulator.Build.0 = Debug|iPhoneSimulator
		{849C2312-0E69-484B-B176-A721E52CBE73}.Debug|x64.ActiveCfg = Debug|iPhoneSimulator
		{849C2312-0E69-484B-B176-A721E52CBE73}.Debug|x86.ActiveCfg = Debug|iPhone
		{849C2312-0E69-484B-B176-A721E52CBE73}.Release|Any CPU.ActiveCfg = Release|iPhone
		{849C2312-0E69-484B-B176-A721E52CBE73}.Release|ARM.ActiveCfg = Release|iPhone
		{849C2312-0E69-484B-B176-A721E52CBE73}.Release|iPhone.ActiveCfg = Release|iPhone
		{849C2312-0E69-484B-B176-A721E52CBE73}.Release|iPhone.Build.0 = Release|iPhone
		{849C2312-0E69-484B-B176-A721E52CBE73}.Release|iPhoneSimulator.ActiveCfg = Release|iPhoneSimulator
		{849C2312-0E69-484B-B176-A721E52CBE73}.Release|iPhoneSimulator.Build.0 = Release|iPhoneSimulator
		{849C2312-0E69-484B-B176-A721E52CBE73}.Release|x64.ActiveCfg = Release|iPhoneSimulator
		{849C2312-0E69-484B-B176-A721E52CBE73}.Release|x86.ActiveCfg = Release|iPhone
		{69EC0AAD-71EF-471F-8EDB-5D0C98D3BAE0}.Ad-Hoc|Any CPU.ActiveCfg = Release|Any CPU
		{69EC0AAD-71EF-471F-8EDB-5D0C98D3BAE0}.Ad-Hoc|Any CPU.Build.0 = Release|Any CPU
		{69EC0AAD-71EF-471F-8EDB-5D0C98D3BAE0}.Ad-Hoc|Any CPU.Deploy.0 = Release|Any CPU
		{69EC0AAD-71EF-471F-8EDB-5D0C98D3BAE0}.Ad-Hoc|ARM.ActiveCfg = Release|Any CPU
		{69EC0AAD-71EF-471F-8EDB-5D0C98D3BAE0}.Ad-Hoc|ARM.Build.0 = Release|Any CPU
		{69EC0AAD-71EF-471F-8EDB-5D0C98D3BAE0}.Ad-Hoc|ARM.Deploy.0 = Release|Any CPU
		{69EC0AAD-71EF-471F-8EDB-5D0C98D3BAE0}.Ad-Hoc|iPhone.ActiveCfg = Release|Any CPU
		{69EC0AAD-71EF-471F-8EDB-5D0C98D3BAE0}.Ad-Hoc|iPhone.Build.0 = Release|Any CPU
		{69EC0AAD-71EF-471F-8EDB-5D0C98D3BAE0}.Ad-Hoc|iPhone.Deploy.0 = Release|Any CPU
		{69EC0AAD-71EF-471F-8EDB-5D0C98D3BAE0}.Ad-Hoc|iPhoneSimulator.ActiveCfg = Release|Any CPU
		{69EC0AAD-71EF-471F-8EDB-5D0C98D3BAE0}.Ad-Hoc|iPhoneSimulator.Build.0 = Release|Any CPU
		{69EC0AAD-71EF-471F-8EDB-5D0C98D3BAE0}.Ad-Hoc|iPhoneSimulator.Deploy.0 = Release|Any CPU
		{69EC0AAD-71EF-471F-8EDB-5D0C98D3BAE0}.Ad-Hoc|x64.ActiveCfg = Debug|Any CPU
		{69EC0AAD-71EF-471F-8EDB-5D0C98D3BAE0}.Ad-Hoc|x64.Build.0 = Debug|Any CPU
		{69EC0AAD-71EF-471F-8EDB-5D0C98D3BAE0}.Ad-Hoc|x64.Deploy.0 = Debug|Any CPU
		{69EC0AAD-71EF-471F-8EDB-5D0C98D3BAE0}.Ad-Hoc|x86.ActiveCfg = Release|Any CPU
		{69EC0AAD-71EF-471F-8EDB-5D0C98D3BAE0}.Ad-Hoc|x86.Build.0 = Release|Any CPU
		{69EC0AAD-71EF-471F-8EDB-5D0C98D3BAE0}.Ad-Hoc|x86.Deploy.0 = Release|Any CPU
		{69EC0AAD-71EF-471F-8EDB-5D0C98D3BAE0}.AppStore|Any CPU.ActiveCfg = Release|Any CPU
		{69EC0AAD-71EF-471F-8EDB-5D0C98D3BAE0}.AppStore|Any CPU.Build.0 = Release|Any CPU
		{69EC0AAD-71EF-471F-8EDB-5D0C98D3BAE0}.AppStore|Any CPU.Deploy.0 = Release|Any CPU
		{69EC0AAD-71EF-471F-8EDB-5D0C98D3BAE0}.AppStore|ARM.ActiveCfg = Release|Any CPU
		{69EC0AAD-71EF-471F-8EDB-5D0C98D3BAE0}.AppStore|ARM.Build.0 = Release|Any CPU
		{69EC0AAD-71EF-471F-8EDB-5D0C98D3BAE0}.AppStore|ARM.Deploy.0 = Release|Any CPU
		{69EC0AAD-71EF-471F-8EDB-5D0C98D3BAE0}.AppStore|iPhone.ActiveCfg = Release|Any CPU
		{69EC0AAD-71EF-471F-8EDB-5D0C98D3BAE0}.AppStore|iPhone.Build.0 = Release|Any CPU
		{69EC0AAD-71EF-471F-8EDB-5D0C98D3BAE0}.AppStore|iPhone.Deploy.0 = Release|Any CPU
		{69EC0AAD-71EF-471F-8EDB-5D0C98D3BAE0}.AppStore|iPhoneSimulator.ActiveCfg = Release|Any CPU
		{69EC0AAD-71EF-471F-8EDB-5D0C98D3BAE0}.AppStore|iPhoneSimulator.Build.0 = Release|Any CPU
		{69EC0AAD-71EF-471F-8EDB-5D0C98D3BAE0}.AppStore|iPhoneSimulator.Deploy.0 = Release|Any CPU
		{69EC0AAD-71EF-471F-8EDB-5D0C98D3BAE0}.AppStore|x64.ActiveCfg = Debug|Any CPU
		{69EC0AAD-71EF-471F-8EDB-5D0C98D3BAE0}.AppStore|x64.Build.0 = Debug|Any CPU
		{69EC0AAD-71EF-471F-8EDB-5D0C98D3BAE0}.AppStore|x64.Deploy.0 = Debug|Any CPU
		{69EC0AAD-71EF-471F-8EDB-5D0C98D3BAE0}.AppStore|x86.ActiveCfg = Release|Any CPU
		{69EC0AAD-71EF-471F-8EDB-5D0C98D3BAE0}.AppStore|x86.Build.0 = Release|Any CPU
		{69EC0AAD-71EF-471F-8EDB-5D0C98D3BAE0}.AppStore|x86.Deploy.0 = Release|Any CPU
		{69EC0AAD-71EF-471F-8EDB-5D0C98D3BAE0}.Debug|Any CPU.ActiveCfg = Debug|Any CPU
		{69EC0AAD-71EF-471F-8EDB-5D0C98D3BAE0}.Debug|Any CPU.Build.0 = Debug|Any CPU
		{69EC0AAD-71EF-471F-8EDB-5D0C98D3BAE0}.Debug|Any CPU.Deploy.0 = Debug|Any CPU
		{69EC0AAD-71EF-471F-8EDB-5D0C98D3BAE0}.Debug|ARM.ActiveCfg = Debug|Any CPU
		{69EC0AAD-71EF-471F-8EDB-5D0C98D3BAE0}.Debug|ARM.Build.0 = Debug|Any CPU
		{69EC0AAD-71EF-471F-8EDB-5D0C98D3BAE0}.Debug|ARM.Deploy.0 = Debug|Any CPU
		{69EC0AAD-71EF-471F-8EDB-5D0C98D3BAE0}.Debug|iPhone.ActiveCfg = Debug|Any CPU
		{69EC0AAD-71EF-471F-8EDB-5D0C98D3BAE0}.Debug|iPhone.Build.0 = Debug|Any CPU
		{69EC0AAD-71EF-471F-8EDB-5D0C98D3BAE0}.Debug|iPhone.Deploy.0 = Debug|Any CPU
		{69EC0AAD-71EF-471F-8EDB-5D0C98D3BAE0}.Debug|iPhoneSimulator.ActiveCfg = Debug|Any CPU
		{69EC0AAD-71EF-471F-8EDB-5D0C98D3BAE0}.Debug|iPhoneSimulator.Build.0 = Debug|Any CPU
		{69EC0AAD-71EF-471F-8EDB-5D0C98D3BAE0}.Debug|iPhoneSimulator.Deploy.0 = Debug|Any CPU
		{69EC0AAD-71EF-471F-8EDB-5D0C98D3BAE0}.Debug|x64.ActiveCfg = Debug|Any CPU
		{69EC0AAD-71EF-471F-8EDB-5D0C98D3BAE0}.Debug|x64.Build.0 = Debug|Any CPU
		{69EC0AAD-71EF-471F-8EDB-5D0C98D3BAE0}.Debug|x64.Deploy.0 = Debug|Any CPU
		{69EC0AAD-71EF-471F-8EDB-5D0C98D3BAE0}.Debug|x86.ActiveCfg = Debug|Any CPU
		{69EC0AAD-71EF-471F-8EDB-5D0C98D3BAE0}.Debug|x86.Build.0 = Debug|Any CPU
		{69EC0AAD-71EF-471F-8EDB-5D0C98D3BAE0}.Debug|x86.Deploy.0 = Debug|Any CPU
		{69EC0AAD-71EF-471F-8EDB-5D0C98D3BAE0}.Release|Any CPU.ActiveCfg = Release|Any CPU
		{69EC0AAD-71EF-471F-8EDB-5D0C98D3BAE0}.Release|Any CPU.Build.0 = Release|Any CPU
		{69EC0AAD-71EF-471F-8EDB-5D0C98D3BAE0}.Release|Any CPU.Deploy.0 = Release|Any CPU
		{69EC0AAD-71EF-471F-8EDB-5D0C98D3BAE0}.Release|ARM.ActiveCfg = Release|Any CPU
		{69EC0AAD-71EF-471F-8EDB-5D0C98D3BAE0}.Release|ARM.Build.0 = Release|Any CPU
		{69EC0AAD-71EF-471F-8EDB-5D0C98D3BAE0}.Release|ARM.Deploy.0 = Release|Any CPU
		{69EC0AAD-71EF-471F-8EDB-5D0C98D3BAE0}.Release|iPhone.ActiveCfg = Release|Any CPU
		{69EC0AAD-71EF-471F-8EDB-5D0C98D3BAE0}.Release|iPhone.Build.0 = Release|Any CPU
		{69EC0AAD-71EF-471F-8EDB-5D0C98D3BAE0}.Release|iPhone.Deploy.0 = Release|Any CPU
		{69EC0AAD-71EF-471F-8EDB-5D0C98D3BAE0}.Release|iPhoneSimulator.ActiveCfg = Release|Any CPU
		{69EC0AAD-71EF-471F-8EDB-5D0C98D3BAE0}.Release|iPhoneSimulator.Build.0 = Release|Any CPU
		{69EC0AAD-71EF-471F-8EDB-5D0C98D3BAE0}.Release|iPhoneSimulator.Deploy.0 = Release|Any CPU
		{69EC0AAD-71EF-471F-8EDB-5D0C98D3BAE0}.Release|x64.ActiveCfg = Release|Any CPU
		{69EC0AAD-71EF-471F-8EDB-5D0C98D3BAE0}.Release|x64.Build.0 = Release|Any CPU
		{69EC0AAD-71EF-471F-8EDB-5D0C98D3BAE0}.Release|x64.Deploy.0 = Release|Any CPU
		{69EC0AAD-71EF-471F-8EDB-5D0C98D3BAE0}.Release|x86.ActiveCfg = Release|Any CPU
		{69EC0AAD-71EF-471F-8EDB-5D0C98D3BAE0}.Release|x86.Build.0 = Release|Any CPU
		{69EC0AAD-71EF-471F-8EDB-5D0C98D3BAE0}.Release|x86.Deploy.0 = Release|Any CPU
		{91B2DBAF-128E-4903-989C-52CD47EF8992}.Ad-Hoc|Any CPU.ActiveCfg = Release|Any CPU
		{91B2DBAF-128E-4903-989C-52CD47EF8992}.Ad-Hoc|Any CPU.Build.0 = Release|Any CPU
		{91B2DBAF-128E-4903-989C-52CD47EF8992}.Ad-Hoc|ARM.ActiveCfg = Release|Any CPU
		{91B2DBAF-128E-4903-989C-52CD47EF8992}.Ad-Hoc|ARM.Build.0 = Release|Any CPU
		{91B2DBAF-128E-4903-989C-52CD47EF8992}.Ad-Hoc|iPhone.ActiveCfg = Release|Any CPU
		{91B2DBAF-128E-4903-989C-52CD47EF8992}.Ad-Hoc|iPhone.Build.0 = Release|Any CPU
		{91B2DBAF-128E-4903-989C-52CD47EF8992}.Ad-Hoc|iPhoneSimulator.ActiveCfg = Release|Any CPU
		{91B2DBAF-128E-4903-989C-52CD47EF8992}.Ad-Hoc|iPhoneSimulator.Build.0 = Release|Any CPU
		{91B2DBAF-128E-4903-989C-52CD47EF8992}.Ad-Hoc|x64.ActiveCfg = Debug|Any CPU
		{91B2DBAF-128E-4903-989C-52CD47EF8992}.Ad-Hoc|x64.Build.0 = Debug|Any CPU
		{91B2DBAF-128E-4903-989C-52CD47EF8992}.Ad-Hoc|x86.ActiveCfg = Release|Any CPU
		{91B2DBAF-128E-4903-989C-52CD47EF8992}.Ad-Hoc|x86.Build.0 = Release|Any CPU
		{91B2DBAF-128E-4903-989C-52CD47EF8992}.AppStore|Any CPU.ActiveCfg = Release|Any CPU
		{91B2DBAF-128E-4903-989C-52CD47EF8992}.AppStore|Any CPU.Build.0 = Release|Any CPU
		{91B2DBAF-128E-4903-989C-52CD47EF8992}.AppStore|ARM.ActiveCfg = Release|Any CPU
		{91B2DBAF-128E-4903-989C-52CD47EF8992}.AppStore|ARM.Build.0 = Release|Any CPU
		{91B2DBAF-128E-4903-989C-52CD47EF8992}.AppStore|iPhone.ActiveCfg = Release|Any CPU
		{91B2DBAF-128E-4903-989C-52CD47EF8992}.AppStore|iPhone.Build.0 = Release|Any CPU
		{91B2DBAF-128E-4903-989C-52CD47EF8992}.AppStore|iPhoneSimulator.ActiveCfg = Release|Any CPU
		{91B2DBAF-128E-4903-989C-52CD47EF8992}.AppStore|iPhoneSimulator.Build.0 = Release|Any CPU
		{91B2DBAF-128E-4903-989C-52CD47EF8992}.AppStore|x64.ActiveCfg = Debug|Any CPU
		{91B2DBAF-128E-4903-989C-52CD47EF8992}.AppStore|x64.Build.0 = Debug|Any CPU
		{91B2DBAF-128E-4903-989C-52CD47EF8992}.AppStore|x86.ActiveCfg = Release|Any CPU
		{91B2DBAF-128E-4903-989C-52CD47EF8992}.AppStore|x86.Build.0 = Release|Any CPU
		{91B2DBAF-128E-4903-989C-52CD47EF8992}.Debug|Any CPU.ActiveCfg = Debug|Any CPU
		{91B2DBAF-128E-4903-989C-52CD47EF8992}.Debug|Any CPU.Build.0 = Debug|Any CPU
		{91B2DBAF-128E-4903-989C-52CD47EF8992}.Debug|ARM.ActiveCfg = Debug|Any CPU
		{91B2DBAF-128E-4903-989C-52CD47EF8992}.Debug|ARM.Build.0 = Debug|Any CPU
		{91B2DBAF-128E-4903-989C-52CD47EF8992}.Debug|iPhone.ActiveCfg = Debug|Any CPU
		{91B2DBAF-128E-4903-989C-52CD47EF8992}.Debug|iPhone.Build.0 = Debug|Any CPU
		{91B2DBAF-128E-4903-989C-52CD47EF8992}.Debug|iPhoneSimulator.ActiveCfg = Debug|Any CPU
		{91B2DBAF-128E-4903-989C-52CD47EF8992}.Debug|iPhoneSimulator.Build.0 = Debug|Any CPU
		{91B2DBAF-128E-4903-989C-52CD47EF8992}.Debug|x64.ActiveCfg = Debug|Any CPU
		{91B2DBAF-128E-4903-989C-52CD47EF8992}.Debug|x64.Build.0 = Debug|Any CPU
		{91B2DBAF-128E-4903-989C-52CD47EF8992}.Debug|x86.ActiveCfg = Debug|Any CPU
		{91B2DBAF-128E-4903-989C-52CD47EF8992}.Debug|x86.Build.0 = Debug|Any CPU
		{91B2DBAF-128E-4903-989C-52CD47EF8992}.Release|Any CPU.ActiveCfg = Release|Any CPU
		{91B2DBAF-128E-4903-989C-52CD47EF8992}.Release|Any CPU.Build.0 = Release|Any CPU
		{91B2DBAF-128E-4903-989C-52CD47EF8992}.Release|ARM.ActiveCfg = Release|Any CPU
		{91B2DBAF-128E-4903-989C-52CD47EF8992}.Release|ARM.Build.0 = Release|Any CPU
		{91B2DBAF-128E-4903-989C-52CD47EF8992}.Release|iPhone.ActiveCfg = Release|Any CPU
		{91B2DBAF-128E-4903-989C-52CD47EF8992}.Release|iPhone.Build.0 = Release|Any CPU
		{91B2DBAF-128E-4903-989C-52CD47EF8992}.Release|iPhoneSimulator.ActiveCfg = Release|Any CPU
		{91B2DBAF-128E-4903-989C-52CD47EF8992}.Release|iPhoneSimulator.Build.0 = Release|Any CPU
		{91B2DBAF-128E-4903-989C-52CD47EF8992}.Release|x64.ActiveCfg = Release|Any CPU
		{91B2DBAF-128E-4903-989C-52CD47EF8992}.Release|x64.Build.0 = Release|Any CPU
		{91B2DBAF-128E-4903-989C-52CD47EF8992}.Release|x86.ActiveCfg = Release|Any CPU
		{91B2DBAF-128E-4903-989C-52CD47EF8992}.Release|x86.Build.0 = Release|Any CPU
		{02B3DAA2-F87F-4BB7-9059-E13925672EE4}.Ad-Hoc|Any CPU.ActiveCfg = Release|x64
		{02B3DAA2-F87F-4BB7-9059-E13925672EE4}.Ad-Hoc|Any CPU.Build.0 = Release|x64
		{02B3DAA2-F87F-4BB7-9059-E13925672EE4}.Ad-Hoc|Any CPU.Deploy.0 = Release|x64
		{02B3DAA2-F87F-4BB7-9059-E13925672EE4}.Ad-Hoc|ARM.ActiveCfg = Release|ARM
		{02B3DAA2-F87F-4BB7-9059-E13925672EE4}.Ad-Hoc|ARM.Build.0 = Release|ARM
		{02B3DAA2-F87F-4BB7-9059-E13925672EE4}.Ad-Hoc|ARM.Deploy.0 = Release|ARM
		{02B3DAA2-F87F-4BB7-9059-E13925672EE4}.Ad-Hoc|iPhone.ActiveCfg = Release|x64
		{02B3DAA2-F87F-4BB7-9059-E13925672EE4}.Ad-Hoc|iPhone.Build.0 = Release|x64
		{02B3DAA2-F87F-4BB7-9059-E13925672EE4}.Ad-Hoc|iPhone.Deploy.0 = Release|x64
		{02B3DAA2-F87F-4BB7-9059-E13925672EE4}.Ad-Hoc|iPhoneSimulator.ActiveCfg = Release|x64
		{02B3DAA2-F87F-4BB7-9059-E13925672EE4}.Ad-Hoc|iPhoneSimulator.Build.0 = Release|x64
		{02B3DAA2-F87F-4BB7-9059-E13925672EE4}.Ad-Hoc|iPhoneSimulator.Deploy.0 = Release|x64
		{02B3DAA2-F87F-4BB7-9059-E13925672EE4}.Ad-Hoc|x64.ActiveCfg = Release|x64
		{02B3DAA2-F87F-4BB7-9059-E13925672EE4}.Ad-Hoc|x64.Build.0 = Release|x64
		{02B3DAA2-F87F-4BB7-9059-E13925672EE4}.Ad-Hoc|x64.Deploy.0 = Release|x64
		{02B3DAA2-F87F-4BB7-9059-E13925672EE4}.Ad-Hoc|x86.ActiveCfg = Release|x86
		{02B3DAA2-F87F-4BB7-9059-E13925672EE4}.Ad-Hoc|x86.Build.0 = Release|x86
		{02B3DAA2-F87F-4BB7-9059-E13925672EE4}.Ad-Hoc|x86.Deploy.0 = Release|x86
		{02B3DAA2-F87F-4BB7-9059-E13925672EE4}.AppStore|Any CPU.ActiveCfg = Release|x64
		{02B3DAA2-F87F-4BB7-9059-E13925672EE4}.AppStore|Any CPU.Build.0 = Release|x64
		{02B3DAA2-F87F-4BB7-9059-E13925672EE4}.AppStore|Any CPU.Deploy.0 = Release|x64
		{02B3DAA2-F87F-4BB7-9059-E13925672EE4}.AppStore|ARM.ActiveCfg = Release|ARM
		{02B3DAA2-F87F-4BB7-9059-E13925672EE4}.AppStore|ARM.Build.0 = Release|ARM
		{02B3DAA2-F87F-4BB7-9059-E13925672EE4}.AppStore|ARM.Deploy.0 = Release|ARM
		{02B3DAA2-F87F-4BB7-9059-E13925672EE4}.AppStore|iPhone.ActiveCfg = Release|x64
		{02B3DAA2-F87F-4BB7-9059-E13925672EE4}.AppStore|iPhone.Build.0 = Release|x64
		{02B3DAA2-F87F-4BB7-9059-E13925672EE4}.AppStore|iPhone.Deploy.0 = Release|x64
		{02B3DAA2-F87F-4BB7-9059-E13925672EE4}.AppStore|iPhoneSimulator.ActiveCfg = Release|x64
		{02B3DAA2-F87F-4BB7-9059-E13925672EE4}.AppStore|iPhoneSimulator.Build.0 = Release|x64
		{02B3DAA2-F87F-4BB7-9059-E13925672EE4}.AppStore|iPhoneSimulator.Deploy.0 = Release|x64
		{02B3DAA2-F87F-4BB7-9059-E13925672EE4}.AppStore|x64.ActiveCfg = Release|x64
		{02B3DAA2-F87F-4BB7-9059-E13925672EE4}.AppStore|x64.Build.0 = Release|x64
		{02B3DAA2-F87F-4BB7-9059-E13925672EE4}.AppStore|x64.Deploy.0 = Release|x64
		{02B3DAA2-F87F-4BB7-9059-E13925672EE4}.AppStore|x86.ActiveCfg = Release|x86
		{02B3DAA2-F87F-4BB7-9059-E13925672EE4}.AppStore|x86.Build.0 = Release|x86
		{02B3DAA2-F87F-4BB7-9059-E13925672EE4}.AppStore|x86.Deploy.0 = Release|x86
		{02B3DAA2-F87F-4BB7-9059-E13925672EE4}.Debug|Any CPU.ActiveCfg = Debug|x86
		{02B3DAA2-F87F-4BB7-9059-E13925672EE4}.Debug|ARM.ActiveCfg = Debug|ARM
		{02B3DAA2-F87F-4BB7-9059-E13925672EE4}.Debug|ARM.Build.0 = Debug|ARM
		{02B3DAA2-F87F-4BB7-9059-E13925672EE4}.Debug|ARM.Deploy.0 = Debug|ARM
		{02B3DAA2-F87F-4BB7-9059-E13925672EE4}.Debug|iPhone.ActiveCfg = Debug|x86
		{02B3DAA2-F87F-4BB7-9059-E13925672EE4}.Debug|iPhoneSimulator.ActiveCfg = Debug|x86
		{02B3DAA2-F87F-4BB7-9059-E13925672EE4}.Debug|x64.ActiveCfg = Debug|x64
		{02B3DAA2-F87F-4BB7-9059-E13925672EE4}.Debug|x64.Build.0 = Debug|x64
		{02B3DAA2-F87F-4BB7-9059-E13925672EE4}.Debug|x64.Deploy.0 = Debug|x64
		{02B3DAA2-F87F-4BB7-9059-E13925672EE4}.Debug|x86.ActiveCfg = Debug|x86
		{02B3DAA2-F87F-4BB7-9059-E13925672EE4}.Debug|x86.Build.0 = Debug|x86
		{02B3DAA2-F87F-4BB7-9059-E13925672EE4}.Debug|x86.Deploy.0 = Debug|x86
		{02B3DAA2-F87F-4BB7-9059-E13925672EE4}.Release|Any CPU.ActiveCfg = Release|x86
		{02B3DAA2-F87F-4BB7-9059-E13925672EE4}.Release|ARM.ActiveCfg = Release|ARM
		{02B3DAA2-F87F-4BB7-9059-E13925672EE4}.Release|ARM.Build.0 = Release|ARM
		{02B3DAA2-F87F-4BB7-9059-E13925672EE4}.Release|ARM.Deploy.0 = Release|ARM
		{02B3DAA2-F87F-4BB7-9059-E13925672EE4}.Release|iPhone.ActiveCfg = Release|x86
		{02B3DAA2-F87F-4BB7-9059-E13925672EE4}.Release|iPhoneSimulator.ActiveCfg = Release|x86
		{02B3DAA2-F87F-4BB7-9059-E13925672EE4}.Release|x64.ActiveCfg = Release|x64
		{02B3DAA2-F87F-4BB7-9059-E13925672EE4}.Release|x64.Build.0 = Release|x64
		{02B3DAA2-F87F-4BB7-9059-E13925672EE4}.Release|x64.Deploy.0 = Release|x64
		{02B3DAA2-F87F-4BB7-9059-E13925672EE4}.Release|x86.ActiveCfg = Release|x86
		{02B3DAA2-F87F-4BB7-9059-E13925672EE4}.Release|x86.Build.0 = Release|x86
		{02B3DAA2-F87F-4BB7-9059-E13925672EE4}.Release|x86.Deploy.0 = Release|x86
	EndGlobalSection
	GlobalSection(SolutionProperties) = preSolution
		HideSolutionNode = FALSE
	EndGlobalSection
	GlobalSection(NestedProjects) = preSolution
		{80C23808-7F65-4F75-B131-7D59844541FA} = {783557B0-360D-4394-B502-4D6647A37688}
		{BC77F7F9-B189-4DDD-9B98-7B0DF31C04B4} = {88F77DB1-25CB-4852-B989-71BA89EDEDC9}
		{849C2312-0E69-484B-B176-A721E52CBE73} = {88F77DB1-25CB-4852-B989-71BA89EDEDC9}
		{69EC0AAD-71EF-471F-8EDB-5D0C98D3BAE0} = {88F77DB1-25CB-4852-B989-71BA89EDEDC9}
		{02B3DAA2-F87F-4BB7-9059-E13925672EE4} = {88F77DB1-25CB-4852-B989-71BA89EDEDC9}
	EndGlobalSection
EndGlobal
